// !$*UTF8*$!
{
	archiveVersion = 1;
	classes = {
	};
	objectVersion = 46;
	objects = {

/* Begin PBXBuildFile section */
		598477D91C89CEF700FD6B90 /* AppDelegate.swift in Sources */ = {isa = PBXBuildFile; fileRef = 598477D81C89CEF700FD6B90 /* AppDelegate.swift */; };
		598477DB1C89CEF700FD6B90 /* ViewController.swift in Sources */ = {isa = PBXBuildFile; fileRef = 598477DA1C89CEF700FD6B90 /* ViewController.swift */; };
		598477DE1C89CEF700FD6B90 /* Main.storyboard in Resources */ = {isa = PBXBuildFile; fileRef = 598477DC1C89CEF700FD6B90 /* Main.storyboard */; };
		598477E01C89CEF700FD6B90 /* Assets.xcassets in Resources */ = {isa = PBXBuildFile; fileRef = 598477DF1C89CEF700FD6B90 /* Assets.xcassets */; };
		598477E31C89CEF700FD6B90 /* LaunchScreen.storyboard in Resources */ = {isa = PBXBuildFile; fileRef = 598477E11C89CEF700FD6B90 /* LaunchScreen.storyboard */; };
		598477EB1C89CF6700FD6B90 /* Line.swift in Sources */ = {isa = PBXBuildFile; fileRef = 598477EA1C89CF6700FD6B90 /* Line.swift */; };
		598477ED1C89D00100FD6B90 /* DrawView.swift in Sources */ = {isa = PBXBuildFile; fileRef = 598477EC1C89D00100FD6B90 /* DrawView.swift */; };
/* End PBXBuildFile section */

/* Begin PBXFileReference section */
		598477D51C89CEF700FD6B90 /* TouchTracker.app */ = {isa = PBXFileReference; explicitFileType = wrapper.application; includeInIndex = 0; path = TouchTracker.app; sourceTree = BUILT_PRODUCTS_DIR; };
		598477D81C89CEF700FD6B90 /* AppDelegate.swift */ = {isa = PBXFileReference; lastKnownFileType = sourcecode.swift; path = AppDelegate.swift; sourceTree = "<group>"; };
		598477DA1C89CEF700FD6B90 /* ViewController.swift */ = {isa = PBXFileReference; lastKnownFileType = sourcecode.swift; path = ViewController.swift; sourceTree = "<group>"; };
		598477DD1C89CEF700FD6B90 /* Base */ = {isa = PBXFileReference; lastKnownFileType = file.storyboard; name = Base; path = Base.lproj/Main.storyboard; sourceTree = "<group>"; };
		598477DF1C89CEF700FD6B90 /* Assets.xcassets */ = {isa = PBXFileReference; lastKnownFileType = folder.assetcatalog; path = Assets.xcassets; sourceTree = "<group>"; };
		598477E21C89CEF700FD6B90 /* Base */ = {isa = PBXFileReference; lastKnownFileType = file.storyboard; name = Base; path = Base.lproj/LaunchScreen.storyboard; sourceTree = "<group>"; };
		598477E41C89CEF700FD6B90 /* Info.plist */ = {isa = PBXFileReference; lastKnownFileType = text.plist.xml; path = Info.plist; sourceTree = "<group>"; };
		598477EA1C89CF6700FD6B90 /* Line.swift */ = {isa = PBXFileReference; fileEncoding = 4; lastKnownFileType = sourcecode.swift; path = Line.swift; sourceTree = "<group>"; };
		598477EC1C89D00100FD6B90 /* DrawView.swift */ = {isa = PBXFileReference; fileEncoding = 4; lastKnownFileType = sourcecode.swift; path = DrawView.swift; sourceTree = "<group>"; };
/* End PBXFileReference section */

/* Begin PBXFrameworksBuildPhase section */
		598477D21C89CEF700FD6B90 /* Frameworks */ = {
			isa = PBXFrameworksBuildPhase;
			buildActionMask = 2147483647;
			files = (
			);
			runOnlyForDeploymentPostprocessing = 0;
		};
/* End PBXFrameworksBuildPhase section */

/* Begin PBXGroup section */
		598477CC1C89CEF700FD6B90 = {
			isa = PBXGroup;
			children = (
				598477D71C89CEF700FD6B90 /* TouchTracker */,
				598477D61C89CEF700FD6B90 /* Products */,
			);
			sourceTree = "<group>";
		};
		598477D61C89CEF700FD6B90 /* Products */ = {
			isa = PBXGroup;
			children = (
				598477D51C89CEF700FD6B90 /* TouchTracker.app */,
			);
			name = Products;
			sourceTree = "<group>";
		};
		598477D71C89CEF700FD6B90 /* TouchTracker */ = {
			isa = PBXGroup;
			children = (
				598477D81C89CEF700FD6B90 /* AppDelegate.swift */,
				598477DA1C89CEF700FD6B90 /* ViewController.swift */,
				598477DC1C89CEF700FD6B90 /* Main.storyboard */,
				598477DF1C89CEF700FD6B90 /* Assets.xcassets */,
				598477E11C89CEF700FD6B90 /* LaunchScreen.storyboard */,
				598477E41C89CEF700FD6B90 /* Info.plist */,
				598477EA1C89CF6700FD6B90 /* Line.swift */,
				598477EC1C89D00100FD6B90 /* DrawView.swift */,
			);
			path = TouchTracker;
			sourceTree = "<group>";
		};
/* End PBXGroup section */

/* Begin PBXNativeTarget section */
		598477D41C89CEF700FD6B90 /* TouchTracker */ = {
			isa = PBXNativeTarget;
			buildConfigurationList = 598477E71C89CEF700FD6B90 /* Build configuration list for PBXNativeTarget "TouchTracker" */;
			buildPhases = (
				598477D11C89CEF700FD6B90 /* Sources */,
				598477D21C89CEF700FD6B90 /* Frameworks */,
				598477D31C89CEF700FD6B90 /* Resources */,
			);
			buildRules = (
			);
			dependencies = (
			);
			name = TouchTracker;
			productName = TouchTracker;
			productReference = 598477D51C89CEF700FD6B90 /* TouchTracker.app */;
			productType = "com.apple.product-type.application";
		};
/* End PBXNativeTarget section */

/* Begin PBXProject section */
		598477CD1C89CEF700FD6B90 /* Project object */ = {
			isa = PBXProject;
			attributes = {
				LastSwiftUpdateCheck = 0720;
				LastUpgradeCheck = 0720;
				ORGANIZATIONNAME = "Solstice Loaner";
				TargetAttributes = {
					598477D41C89CEF700FD6B90 = {
						CreatedOnToolsVersion = 7.2.1;
					};
				};
			};
			buildConfigurationList = 598477D01C89CEF700FD6B90 /* Build configuration list for PBXProject "TouchTracker" */;
			compatibilityVersion = "Xcode 3.2";
			developmentRegion = English;
			hasScannedForEncodings = 0;
			knownRegions = (
				en,
				Base,
			);
			mainGroup = 598477CC1C89CEF700FD6B90;
			productRefGroup = 598477D61C89CEF700FD6B90 /* Products */;
			projectDirPath = "";
			projectRoot = "";
			targets = (
				598477D41C89CEF700FD6B90 /* TouchTracker */,
			);
		};
/* End PBXProject section */

/* Begin PBXResourcesBuildPhase section */
		598477D31C89CEF700FD6B90 /* Resources */ = {
			isa = PBXResourcesBuildPhase;
			buildActionMask = 2147483647;
			files = (
				598477E31C89CEF700FD6B90 /* LaunchScreen.storyboard in Resources */,
				598477E01C89CEF700FD6B90 /* Assets.xcassets in Resources */,
				598477DE1C89CEF700FD6B90 /* Main.storyboard in Resources */,
			);
			runOnlyForDeploymentPostprocessing = 0;
		};
/* End PBXResourcesBuildPhase section */

/* Begin PBXSourcesBuildPhase section */
		598477D11C89CEF700FD6B90 /* Sources */ = {
			isa = PBXSourcesBuildPhase;
			buildActionMask = 2147483647;
			files = (
				598477EB1C89CF6700FD6B90 /* Line.swift in Sources */,
				598477DB1C89CEF700FD6B90 /* ViewController.swift in Sources */,
				598477ED1C89D00100FD6B90 /* DrawView.swift in Sources */,
				598477D91C89CEF700FD6B90 /* AppDelegate.swift in Sources */,
			);
			runOnlyForDeploymentPostprocessing = 0;
		};
/* End PBXSourcesBuildPhase section */

/* Begin PBXVariantGroup section */
		598477DC1C89CEF700FD6B90 /* Main.storyboard */ = {
			isa = PBXVariantGroup;
			children = (
				598477DD1C89CEF700FD6B90 /* Base */,
			);
			name = Main.storyboard;
			sourceTree = "<group>";
		};
		598477E11C89CEF700FD6B90 /* LaunchScreen.storyboard */ = {
			isa = PBXVariantGroup;
			children = (
				598477E21C89CEF700FD6B90 /* Base */,
			);
			name = LaunchScreen.storyboard;
			sourceTree = "<group>";
		};
/* End PBXVariantGroup section */

/* Begin XCBuildConfiguration section */
		598477E51C89CEF700FD6B90 /* Debug */ = {
			isa = XCBuildConfiguration;
			buildSettings = {
				ALWAYS_SEARCH_USER_PATHS = NO;
				CLANG_CXX_LANGUAGE_STANDARD = "gnu++0x";
				CLANG_CXX_LIBRARY = "libc++";
				CLANG_ENABLE_MODULES = YES;
				CLANG_ENABLE_OBJC_ARC = YES;
				CLANG_WARN_BOOL_CONVERSION = YES;
				CLANG_WARN_CONSTANT_CONVERSION = YES;
				CLANG_WARN_DIRECT_OBJC_ISA_USAGE = YES_ERROR;
				CLANG_WARN_EMPTY_BODY = YES;
				CLANG_WARN_ENUM_CONVERSION = YES;
				CLANG_WARN_INT_CONVERSION = YES;
				CLANG_WARN_OBJC_ROOT_CLASS = YES_ERROR;
				CLANG_WARN_UNREACHABLE_CODE = YES;
				CLANG_WARN__DUPLICATE_METHOD_MATCH = YES;
				"CODE_SIGN_IDENTITY[sdk=iphoneos*]" = "iPhone Developer";
				COPY_PHASE_STRIP = NO;
				DEBUG_INFORMATION_FORMAT = dwarf;
				ENABLE_STRICT_OBJC_MSGSEND = YES;
				ENABLE_TESTABILITY = YES;
				GCC_C_LANGUAGE_STANDARD = gnu99;
				GCC_DYNAMIC_NO_PIC = NO;
				GCC_NO_COMMON_BLOCKS = YES;
				GCC_OPTIMIZATION_LEVEL = 0;
				GCC_PREPROCESSOR_DEFINITIONS = (
					"DEBUG=1",
					"$(inherited)",
				);
				GCC_WARN_64_TO_32_BIT_CONVERSION = YES;
				GCC_WARN_ABOUT_RETURN_TYPE = YES_ERROR;
				GCC_WARN_UNDECLARED_SELECTOR = YES;
				GCC_WARN_UNINITIALIZED_AUTOS = YES_AGGRESSIVE;
				GCC_WARN_UNUSED_FUNCTION = YES;
				GCC_WARN_UNUSED_VARIABLE = YES;
				IPHONEOS_DEPLOYMENT_TARGET = 9.2;
				MTL_ENABLE_DEBUG_INFO = YES;
				ONLY_ACTIVE_ARCH = YES;
				SDKROOT = iphoneos;
				SWIFT_OPTIMIZATION_LEVEL = "-Onone";
			};
			name = Debug;
		};
		598477E61C89CEF700FD6B90 /* Release */ = {
			isa = XCBuildConfiguration;
			buildSettings = {
				ALWAYS_SEARCH_USER_PATHS = NO;
				CLANG_CXX_LANGUAGE_STANDARD = "gnu++0x";
				CLANG_CXX_LIBRARY = "libc++";
				CLANG_ENABLE_MODULES = YES;
				CLANG_ENABLE_OBJC_ARC = YES;
				CLANG_WARN_BOOL_CONVERSION = YES;
				CLANG_WARN_CONSTANT_CONVERSION = YES;
				CLANG_WARN_DIRECT_OBJC_ISA_USAGE = YES_ERROR;
				CLANG_WARN_EMPTY_BODY = YES;
				CLANG_WARN_ENUM_CONVERSION = YES;
				CLANG_WARN_INT_CONVERSION = YES;
				CLANG_WARN_OBJC_ROOT_CLASS = YES_ERROR;
				CLANG_WARN_UNREACHABLE_CODE = YES;
				CLANG_WARN__DUPLICATE_METHOD_MATCH = YES;
				"CODE_SIGN_IDENTITY[sdk=iphoneos*]" = "iPhone Developer";
				COPY_PHASE_STRIP = NO;
				DEBUG_INFORMATION_FORMAT = "dwarf-with-dsym";
				ENABLE_NS_ASSERTIONS = NO;
				ENABLE_STRICT_OBJC_MSGSEND = YES;
				GCC_C_LANGUAGE_STANDARD = gnu99;
				GCC_NO_COMMON_BLOCKS = YES;
				GCC_WARN_64_TO_32_BIT_CONVERSION = YES;
				GCC_WARN_ABOUT_RETURN_TYPE = YES_ERROR;
				GCC_WARN_UNDECLARED_SELECTOR = YES;
				GCC_WARN_UNINITIALIZED_AUTOS = YES_AGGRESSIVE;
				GCC_WARN_UNUSED_FUNCTION = YES;
				GCC_WARN_UNUSED_VARIABLE = YES;
				IPHONEOS_DEPLOYMENT_TARGET = 9.2;
				MTL_ENABLE_DEBUG_INFO = NO;
				SDKROOT = iphoneos;
				VALIDATE_PRODUCT = YES;
			};
			name = Release;
		};
		598477E81C89CEF700FD6B90 /* Debug */ = {
			isa = XCBuildConfiguration;
			buildSettings = {
				ASSETCATALOG_COMPILER_APPICON_NAME = AppIcon;
				INFOPLIST_FILE = TouchTracker/Info.plist;
				LD_RUNPATH_SEARCH_PATHS = "$(inherited) @executable_path/Frameworks";
				PRODUCT_BUNDLE_IDENTIFIER = com.bignerdranch.TouchTracker;
				PRODUCT_NAME = "$(TARGET_NAME)";
			};
			name = Debug;
		};
		598477E91C89CEF700FD6B90 /* Release */ = {
			isa = XCBuildConfiguration;
			buildSettings = {
				ASSETCATALOG_COMPILER_APPICON_NAME = AppIcon;
				INFOPLIST_FILE = TouchTracker/Info.plist;
				LD_RUNPATH_SEARCH_PATHS = "$(inherited) @executable_path/Frameworks";
				PRODUCT_BUNDLE_IDENTIFIER = com.bignerdranch.TouchTracker;
				PRODUCT_NAME = "$(TARGET_NAME)";
			};
			name = Release;
		};
/* End XCBuildConfiguration section */

/* Begin XCConfigurationList section */
		598477D01C89CEF700FD6B90 /* Build configuration list for PBXProject "TouchTracker" */ = {
			isa = XCConfigurationList;
			buildConfigurations = (
				598477E51C89CEF700FD6B90 /* Debug */,
				598477E61C89CEF700FD6B90 /* Release */,
			);
			defaultConfigurationIsVisible = 0;
			defaultConfigurationName = Release;
		};
		598477E71C89CEF700FD6B90 /* Build configuration list for PBXNativeTarget "TouchTracker" */ = {
			isa = XCConfigurationList;
			buildConfigurations = (
				598477E81C89CEF700FD6B90 /* Debug */,
				598477E91C89CEF700FD6B90 /* Release */,
			);
			defaultConfigurationIsVisible = 0;
		};
/* End XCConfigurationList section */
	};
	rootObject = 598477CD1C89CEF700FD6B90 /* Project object */;
}
