// !$*UTF8*$!
{
	archiveVersion = 1;
	classes = {
	};
	objectVersion = 46;
	objects = {

/* Begin PBXBuildFile section */
		61C585371C446F4F0030A987 /* AppDelegate.swift in Sources */ = {isa = PBXBuildFile; fileRef = 61C585361C446F4F0030A987 /* AppDelegate.swift */; };
		61C5853C1C446F4F0030A987 /* Main.storyboard in Resources */ = {isa = PBXBuildFile; fileRef = 61C5853A1C446F4F0030A987 /* Main.storyboard */; };
		61C5853E1C446F4F0030A987 /* Assets.xcassets in Resources */ = {isa = PBXBuildFile; fileRef = 61C5853D1C446F4F0030A987 /* Assets.xcassets */; };
		61C585411C446F4F0030A987 /* LaunchScreen.storyboard in Resources */ = {isa = PBXBuildFile; fileRef = 61C5853F1C446F4F0030A987 /* LaunchScreen.storyboard */; };
		61C585491C453A160030A987 /* ConversionViewController.swift in Sources */ = {isa = PBXBuildFile; fileRef = 61C585481C453A160030A987 /* ConversionViewController.swift */; settings = {ASSET_TAGS = (); }; };
		61C5854B1C468AAE0030A987 /* MapKit.framework in Frameworks */ = {isa = PBXBuildFile; fileRef = 61C5854A1C468AAE0030A987 /* MapKit.framework */; };
		61C5854D1C468DDB0030A987 /* MapViewController.swift in Sources */ = {isa = PBXBuildFile; fileRef = 61C5854C1C468DDB0030A987 /* MapViewController.swift */; settings = {ASSET_TAGS = (); }; };
		61C5854F1C488D330030A987 /* WebViewController.swift in Sources */ = {isa = PBXBuildFile; fileRef = 61C5854E1C488D320030A987 /* WebViewController.swift */; settings = {ASSET_TAGS = (); }; };
/* End PBXBuildFile section */

/* Begin PBXFileReference section */
		61C585331C446F4F0030A987 /* WorldTrotter.app */ = {isa = PBXFileReference; explicitFileType = wrapper.application; includeInIndex = 0; path = WorldTrotter.app; sourceTree = BUILT_PRODUCTS_DIR; };
		61C585361C446F4F0030A987 /* AppDelegate.swift */ = {isa = PBXFileReference; lastKnownFileType = sourcecode.swift; path = AppDelegate.swift; sourceTree = "<group>"; };
		61C5853B1C446F4F0030A987 /* Base */ = {isa = PBXFileReference; lastKnownFileType = file.storyboard; name = Base; path = Base.lproj/Main.storyboard; sourceTree = "<group>"; };
		61C5853D1C446F4F0030A987 /* Assets.xcassets */ = {isa = PBXFileReference; lastKnownFileType = folder.assetcatalog; path = Assets.xcassets; sourceTree = "<group>"; };
		61C585401C446F4F0030A987 /* Base */ = {isa = PBXFileReference; lastKnownFileType = file.storyboard; name = Base; path = Base.lproj/LaunchScreen.storyboard; sourceTree = "<group>"; };
		61C585421C446F4F0030A987 /* Info.plist */ = {isa = PBXFileReference; lastKnownFileType = text.plist.xml; path = Info.plist; sourceTree = "<group>"; };
		61C585481C453A160030A987 /* ConversionViewController.swift */ = {isa = PBXFileReference; fileEncoding = 4; lastKnownFileType = sourcecode.swift; path = ConversionViewController.swift; sourceTree = "<group>"; };
		61C5854A1C468AAE0030A987 /* MapKit.framework */ = {isa = PBXFileReference; lastKnownFileType = wrapper.framework; name = MapKit.framework; path = System/Library/Frameworks/MapKit.framework; sourceTree = SDKROOT; };
		61C5854C1C468DDB0030A987 /* MapViewController.swift */ = {isa = PBXFileReference; fileEncoding = 4; lastKnownFileType = sourcecode.swift; path = MapViewController.swift; sourceTree = "<group>"; };
		61C5854E1C488D320030A987 /* WebViewController.swift */ = {isa = PBXFileReference; fileEncoding = 4; lastKnownFileType = sourcecode.swift; path = WebViewController.swift; sourceTree = "<group>"; };
/* End PBXFileReference section */

/* Begin PBXFrameworksBuildPhase section */
		61C585301C446F4F0030A987 /* Frameworks */ = {
			isa = PBXFrameworksBuildPhase;
			buildActionMask = 2147483647;
			files = (
				61C5854B1C468AAE0030A987 /* MapKit.framework in Frameworks */,
			);
			runOnlyForDeploymentPostprocessing = 0;
		};
/* End PBXFrameworksBuildPhase section */

/* Begin PBXGroup section */
		61C5852A1C446F4E0030A987 = {
			isa = PBXGroup;
			children = (
				61C5854A1C468AAE0030A987 /* MapKit.framework */,
				61C585351C446F4F0030A987 /* WorldTrotter */,
				61C585341C446F4F0030A987 /* Products */,
			);
			sourceTree = "<group>";
		};
		61C585341C446F4F0030A987 /* Products */ = {
			isa = PBXGroup;
			children = (
				61C585331C446F4F0030A987 /* WorldTrotter.app */,
			);
			name = Products;
			sourceTree = "<group>";
		};
		61C585351C446F4F0030A987 /* WorldTrotter */ = {
			isa = PBXGroup;
			children = (
				61C585361C446F4F0030A987 /* AppDelegate.swift */,
				61C5853A1C446F4F0030A987 /* Main.storyboard */,
				61C5854C1C468DDB0030A987 /* MapViewController.swift */,
				61C5854E1C488D320030A987 /* WebViewController.swift */,
				61C585481C453A160030A987 /* ConversionViewController.swift */,
				61C5853D1C446F4F0030A987 /* Assets.xcassets */,
				61C5853F1C446F4F0030A987 /* LaunchScreen.storyboard */,
				61C585421C446F4F0030A987 /* Info.plist */,
			);
			path = WorldTrotter;
			sourceTree = "<group>";
		};
/* End PBXGroup section */

/* Begin PBXNativeTarget section */
		61C585321C446F4F0030A987 /* WorldTrotter */ = {
			isa = PBXNativeTarget;
			buildConfigurationList = 61C585451C446F4F0030A987 /* Build configuration list for PBXNativeTarget "WorldTrotter" */;
			buildPhases = (
				61C5852F1C446F4F0030A987 /* Sources */,
				61C585301C446F4F0030A987 /* Frameworks */,
				61C585311C446F4F0030A987 /* Resources */,
			);
			buildRules = (
			);
			dependencies = (
			);
			name = WorldTrotter;
			productName = WorldTrotter;
			productReference = 61C585331C446F4F0030A987 /* WorldTrotter.app */;
			productType = "com.apple.product-type.application";
		};
/* End PBXNativeTarget section */

/* Begin PBXProject section */
		61C5852B1C446F4E0030A987 /* Project object */ = {
			isa = PBXProject;
			attributes = {
				LastUpgradeCheck = 0700;
				ORGANIZATIONNAME = "Jeffrey Johnson";
				TargetAttributes = {
					61C585321C446F4F0030A987 = {
						CreatedOnToolsVersion = 7.0.1;
					};
				};
			};
			buildConfigurationList = 61C5852E1C446F4E0030A987 /* Build configuration list for PBXProject "WorldTrotter" */;
			compatibilityVersion = "Xcode 3.2";
			developmentRegion = English;
			hasScannedForEncodings = 0;
			knownRegions = (
				en,
				Base,
			);
			mainGroup = 61C5852A1C446F4E0030A987;
			productRefGroup = 61C585341C446F4F0030A987 /* Products */;
			projectDirPath = "";
			projectRoot = "";
			targets = (
				61C585321C446F4F0030A987 /* WorldTrotter */,
			);
		};
/* End PBXProject section */

/* Begin PBXResourcesBuildPhase section */
		61C585311C446F4F0030A987 /* Resources */ = {
			isa = PBXResourcesBuildPhase;
			buildActionMask = 2147483647;
			files = (
				61C585411C446F4F0030A987 /* LaunchScreen.storyboard in Resources */,
				61C5853E1C446F4F0030A987 /* Assets.xcassets in Resources */,
				61C5853C1C446F4F0030A987 /* Main.storyboard in Resources */,
			);
			runOnlyForDeploymentPostprocessing = 0;
		};
/* End PBXResourcesBuildPhase section */

/* Begin PBXSourcesBuildPhase section */
		61C5852F1C446F4F0030A987 /* Sources */ = {
			isa = PBXSourcesBuildPhase;
			buildActionMask = 2147483647;
			files = (
				61C585491C453A160030A987 /* ConversionViewController.swift in Sources */,
				61C5854D1C468DDB0030A987 /* MapViewController.swift in Sources */,
				61C585371C446F4F0030A987 /* AppDelegate.swift in Sources */,
				61C5854F1C488D330030A987 /* WebViewController.swift in Sources */,
			);
			runOnlyForDeploymentPostprocessing = 0;
		};
/* End PBXSourcesBuildPhase section */

/* Begin PBXVariantGroup section */
		61C5853A1C446F4F0030A987 /* Main.storyboard */ = {
			isa = PBXVariantGroup;
			children = (
				61C5853B1C446F4F0030A987 /* Base */,
			);
			name = Main.storyboard;
			sourceTree = "<group>";
		};
		61C5853F1C446F4F0030A987 /* LaunchScreen.storyboard */ = {
			isa = PBXVariantGroup;
			children = (
				61C585401C446F4F0030A987 /* Base */,
			);
			name = LaunchScreen.storyboard;
			sourceTree = "<group>";
		};
/* End PBXVariantGroup section */

/* Begin XCBuildConfiguration section */
		61C585431C446F4F0030A987 /* Debug */ = {
			isa = XCBuildConfiguration;
			buildSettings = {
				ALWAYS_SEARCH_USER_PATHS = NO;
				CLANG_CXX_LANGUAGE_STANDARD = "gnu++0x";
				CLANG_CXX_LIBRARY = "libc++";
				CLANG_ENABLE_MODULES = YES;
				CLANG_ENABLE_OBJC_ARC = YES;
				CLANG_WARN_BOOL_CONVERSION = YES;
				CLANG_WARN_CONSTANT_CONVERSION = YES;
				CLANG_WARN_DIRECT_OBJC_ISA_USAGE = YES_ERROR;
				CLANG_WARN_EMPTY_BODY = YES;
				CLANG_WARN_ENUM_CONVERSION = YES;
				CLANG_WARN_INT_CONVERSION = YES;
				CLANG_WARN_OBJC_ROOT_CLASS = YES_ERROR;
				CLANG_WARN_UNREACHABLE_CODE = YES;
				CLANG_WARN__DUPLICATE_METHOD_MATCH = YES;
				"CODE_SIGN_IDENTITY[sdk=iphoneos*]" = "iPhone Developer";
				COPY_PHASE_STRIP = NO;
				DEBUG_INFORMATION_FORMAT = dwarf;
				ENABLE_STRICT_OBJC_MSGSEND = YES;
				ENABLE_TESTABILITY = YES;
				GCC_C_LANGUAGE_STANDARD = gnu99;
				GCC_DYNAMIC_NO_PIC = NO;
				GCC_NO_COMMON_BLOCKS = YES;
				GCC_OPTIMIZATION_LEVEL = 0;
				GCC_PREPROCESSOR_DEFINITIONS = (
					"DEBUG=1",
					"$(inherited)",
				);
				GCC_WARN_64_TO_32_BIT_CONVERSION = YES;
				GCC_WARN_ABOUT_RETURN_TYPE = YES_ERROR;
				GCC_WARN_UNDECLARED_SELECTOR = YES;
				GCC_WARN_UNINITIALIZED_AUTOS = YES_AGGRESSIVE;
				GCC_WARN_UNUSED_FUNCTION = YES;
				GCC_WARN_UNUSED_VARIABLE = YES;
				IPHONEOS_DEPLOYMENT_TARGET = 9.0;
				MTL_ENABLE_DEBUG_INFO = YES;
				ONLY_ACTIVE_ARCH = YES;
				SDKROOT = iphoneos;
				SWIFT_OPTIMIZATION_LEVEL = "-Onone";
			};
			name = Debug;
		};
		61C585441C446F4F0030A987 /* Release */ = {
			isa = XCBuildConfiguration;
			buildSettings = {
				ALWAYS_SEARCH_USER_PATHS = NO;
				CLANG_CXX_LANGUAGE_STANDARD = "gnu++0x";
				CLANG_CXX_LIBRARY = "libc++";
				CLANG_ENABLE_MODULES = YES;
				CLANG_ENABLE_OBJC_ARC = YES;
				CLANG_WARN_BOOL_CONVERSION = YES;
				CLANG_WARN_CONSTANT_CONVERSION = YES;
				CLANG_WARN_DIRECT_OBJC_ISA_USAGE = YES_ERROR;
				CLANG_WARN_EMPTY_BODY = YES;
				CLANG_WARN_ENUM_CONVERSION = YES;
				CLANG_WARN_INT_CONVERSION = YES;
				CLANG_WARN_OBJC_ROOT_CLASS = YES_ERROR;
				CLANG_WARN_UNREACHABLE_CODE = YES;
				CLANG_WARN__DUPLICATE_METHOD_MATCH = YES;
				"CODE_SIGN_IDENTITY[sdk=iphoneos*]" = "iPhone Developer";
				COPY_PHASE_STRIP = NO;
				DEBUG_INFORMATION_FORMAT = "dwarf-with-dsym";
				ENABLE_NS_ASSERTIONS = NO;
				ENABLE_STRICT_OBJC_MSGSEND = YES;
				GCC_C_LANGUAGE_STANDARD = gnu99;
				GCC_NO_COMMON_BLOCKS = YES;
				GCC_WARN_64_TO_32_BIT_CONVERSION = YES;
				GCC_WARN_ABOUT_RETURN_TYPE = YES_ERROR;
				GCC_WARN_UNDECLARED_SELECTOR = YES;
				GCC_WARN_UNINITIALIZED_AUTOS = YES_AGGRESSIVE;
				GCC_WARN_UNUSED_FUNCTION = YES;
				GCC_WARN_UNUSED_VARIABLE = YES;
				IPHONEOS_DEPLOYMENT_TARGET = 9.0;
				MTL_ENABLE_DEBUG_INFO = NO;
				SDKROOT = iphoneos;
				VALIDATE_PRODUCT = YES;
			};
			name = Release;
		};
		61C585461C446F4F0030A987 /* Debug */ = {
			isa = XCBuildConfiguration;
			buildSettings = {
				ASSETCATALOG_COMPILER_APPICON_NAME = AppIcon;
				INFOPLIST_FILE = WorldTrotter/Info.plist;
				LD_RUNPATH_SEARCH_PATHS = "$(inherited) @executable_path/Frameworks";
				PRODUCT_BUNDLE_IDENTIFIER = com.jeffjohnson.WorldTrotter;
				PRODUCT_NAME = "$(TARGET_NAME)";
			};
			name = Debug;
		};
		61C585471C446F4F0030A987 /* Release */ = {
			isa = XCBuildConfiguration;
			buildSettings = {
				ASSETCATALOG_COMPILER_APPICON_NAME = AppIcon;
				INFOPLIST_FILE = WorldTrotter/Info.plist;
				LD_RUNPATH_SEARCH_PATHS = "$(inherited) @executable_path/Frameworks";
				PRODUCT_BUNDLE_IDENTIFIER = com.jeffjohnson.WorldTrotter;
				PRODUCT_NAME = "$(TARGET_NAME)";
			};
			name = Release;
		};
/* End XCBuildConfiguration section */

/* Begin XCConfigurationList section */
		61C5852E1C446F4E0030A987 /* Build configuration list for PBXProject "WorldTrotter" */ = {
			isa = XCConfigurationList;
			buildConfigurations = (
				61C585431C446F4F0030A987 /* Debug */,
				61C585441C446F4F0030A987 /* Release */,
			);
			defaultConfigurationIsVisible = 0;
			defaultConfigurationName = Release;
		};
		61C585451C446F4F0030A987 /* Build configuration list for PBXNativeTarget "WorldTrotter" */ = {
			isa = XCConfigurationList;
			buildConfigurations = (
				61C585461C446F4F0030A987 /* Debug */,
				61C585471C446F4F0030A987 /* Release */,
			);
			defaultConfigurationIsVisible = 0;
		};
/* End XCConfigurationList section */
	};
	rootObject = 61C5852B1C446F4E0030A987 /* Project object */;
}
