// !$*UTF8*$!
{
	archiveVersion = 1;
	classes = {
	};
	objectVersion = 46;
	objects = {

/* Begin PBXBuildFile section */
		598477A61C7FA8FE00FD6B90 /* AppDelegate.swift in Sources */ = {isa = PBXBuildFile; fileRef = 598477A51C7FA8FE00FD6B90 /* AppDelegate.swift */; };
		598477AB1C7FA8FE00FD6B90 /* Main.storyboard in Resources */ = {isa = PBXBuildFile; fileRef = 598477A91C7FA8FE00FD6B90 /* Main.storyboard */; };
		598477AD1C7FA8FE00FD6B90 /* Assets.xcassets in Resources */ = {isa = PBXBuildFile; fileRef = 598477AC1C7FA8FE00FD6B90 /* Assets.xcassets */; };
		598477B01C7FA8FE00FD6B90 /* LaunchScreen.storyboard in Resources */ = {isa = PBXBuildFile; fileRef = 598477AE1C7FA8FE00FD6B90 /* LaunchScreen.storyboard */; };
		598477B81C7FA9DD00FD6B90 /* ItemsViewController.swift in Sources */ = {isa = PBXBuildFile; fileRef = 598477B71C7FA9DD00FD6B90 /* ItemsViewController.swift */; };
		598477BA1C7FAF4A00FD6B90 /* Item.swift in Sources */ = {isa = PBXBuildFile; fileRef = 598477B91C7FAF4A00FD6B90 /* Item.swift */; };
		598477BC1C7FB47100FD6B90 /* ItemStore.swift in Sources */ = {isa = PBXBuildFile; fileRef = 598477BB1C7FB47100FD6B90 /* ItemStore.swift */; };
		598477BE1C80070B00FD6B90 /* Low-polygon-iphone-6-background.jpg in Resources */ = {isa = PBXBuildFile; fileRef = 598477BD1C80070B00FD6B90 /* Low-polygon-iphone-6-background.jpg */; };
		598477C11C80A57100FD6B90 /* ItemCell.swift in Sources */ = {isa = PBXBuildFile; fileRef = 598477C01C80A57100FD6B90 /* ItemCell.swift */; };
		598477C31C80EA2400FD6B90 /* DetailViewController.swift in Sources */ = {isa = PBXBuildFile; fileRef = 598477C21C80EA2400FD6B90 /* DetailViewController.swift */; };
/* End PBXBuildFile section */

/* Begin PBXFileReference section */
		598477A21C7FA8FE00FD6B90 /* Homepwner.app */ = {isa = PBXFileReference; explicitFileType = wrapper.application; includeInIndex = 0; path = Homepwner.app; sourceTree = BUILT_PRODUCTS_DIR; };
		598477A51C7FA8FE00FD6B90 /* AppDelegate.swift */ = {isa = PBXFileReference; lastKnownFileType = sourcecode.swift; path = AppDelegate.swift; sourceTree = "<group>"; };
		598477AA1C7FA8FE00FD6B90 /* Base */ = {isa = PBXFileReference; lastKnownFileType = file.storyboard; name = Base; path = Base.lproj/Main.storyboard; sourceTree = "<group>"; };
		598477AC1C7FA8FE00FD6B90 /* Assets.xcassets */ = {isa = PBXFileReference; lastKnownFileType = folder.assetcatalog; path = Assets.xcassets; sourceTree = "<group>"; };
		598477AF1C7FA8FE00FD6B90 /* Base */ = {isa = PBXFileReference; lastKnownFileType = file.storyboard; name = Base; path = Base.lproj/LaunchScreen.storyboard; sourceTree = "<group>"; };
		598477B11C7FA8FE00FD6B90 /* Info.plist */ = {isa = PBXFileReference; lastKnownFileType = text.plist.xml; path = Info.plist; sourceTree = "<group>"; };
		598477B71C7FA9DD00FD6B90 /* ItemsViewController.swift */ = {isa = PBXFileReference; fileEncoding = 4; lastKnownFileType = sourcecode.swift; path = ItemsViewController.swift; sourceTree = "<group>"; };
		598477B91C7FAF4A00FD6B90 /* Item.swift */ = {isa = PBXFileReference; fileEncoding = 4; lastKnownFileType = sourcecode.swift; path = Item.swift; sourceTree = "<group>"; };
		598477BB1C7FB47100FD6B90 /* ItemStore.swift */ = {isa = PBXFileReference; fileEncoding = 4; lastKnownFileType = sourcecode.swift; path = ItemStore.swift; sourceTree = "<group>"; };
		598477BD1C80070B00FD6B90 /* Low-polygon-iphone-6-background.jpg */ = {isa = PBXFileReference; lastKnownFileType = image.jpeg; name = "Low-polygon-iphone-6-background.jpg"; path = "../../../Downloads/Low-polygon-iphone-6-background.jpg"; sourceTree = "<group>"; };
		598477C01C80A57100FD6B90 /* ItemCell.swift */ = {isa = PBXFileReference; fileEncoding = 4; lastKnownFileType = sourcecode.swift; path = ItemCell.swift; sourceTree = "<group>"; };
		598477C21C80EA2400FD6B90 /* DetailViewController.swift */ = {isa = PBXFileReference; fileEncoding = 4; lastKnownFileType = sourcecode.swift; path = DetailViewController.swift; sourceTree = "<group>"; };
/* End PBXFileReference section */

/* Begin PBXFrameworksBuildPhase section */
		5984779F1C7FA8FE00FD6B90 /* Frameworks */ = {
			isa = PBXFrameworksBuildPhase;
			buildActionMask = 2147483647;
			files = (
			);
			runOnlyForDeploymentPostprocessing = 0;
		};
/* End PBXFrameworksBuildPhase section */

/* Begin PBXGroup section */
		598477991C7FA8FE00FD6B90 = {
			isa = PBXGroup;
			children = (
				598477A41C7FA8FE00FD6B90 /* Homepwner */,
				598477A31C7FA8FE00FD6B90 /* Products */,
			);
			sourceTree = "<group>";
		};
		598477A31C7FA8FE00FD6B90 /* Products */ = {
			isa = PBXGroup;
			children = (
				598477A21C7FA8FE00FD6B90 /* Homepwner.app */,
			);
			name = Products;
			sourceTree = "<group>";
		};
		598477A41C7FA8FE00FD6B90 /* Homepwner */ = {
			isa = PBXGroup;
			children = (
				598477A51C7FA8FE00FD6B90 /* AppDelegate.swift */,
				598477B71C7FA9DD00FD6B90 /* ItemsViewController.swift */,
				598477C21C80EA2400FD6B90 /* DetailViewController.swift */,
				598477C01C80A57100FD6B90 /* ItemCell.swift */,
				598477A91C7FA8FE00FD6B90 /* Main.storyboard */,
				598477BD1C80070B00FD6B90 /* Low-polygon-iphone-6-background.jpg */,
				598477AC1C7FA8FE00FD6B90 /* Assets.xcassets */,
				598477AE1C7FA8FE00FD6B90 /* LaunchScreen.storyboard */,
				598477B11C7FA8FE00FD6B90 /* Info.plist */,
				598477BF1C808B9300FD6B90 /* model */,
			);
			path = Homepwner;
			sourceTree = "<group>";
		};
		598477BF1C808B9300FD6B90 /* model */ = {
			isa = PBXGroup;
			children = (
				598477BB1C7FB47100FD6B90 /* ItemStore.swift */,
				598477B91C7FAF4A00FD6B90 /* Item.swift */,
			);
			name = model;
			sourceTree = "<group>";
		};
/* End PBXGroup section */

/* Begin PBXNativeTarget section */
		598477A11C7FA8FE00FD6B90 /* Homepwner */ = {
			isa = PBXNativeTarget;
			buildConfigurationList = 598477B41C7FA8FE00FD6B90 /* Build configuration list for PBXNativeTarget "Homepwner" */;
			buildPhases = (
				5984779E1C7FA8FE00FD6B90 /* Sources */,
				5984779F1C7FA8FE00FD6B90 /* Frameworks */,
				598477A01C7FA8FE00FD6B90 /* Resources */,
			);
			buildRules = (
			);
			dependencies = (
			);
			name = Homepwner;
			productName = Homepwner;
			productReference = 598477A21C7FA8FE00FD6B90 /* Homepwner.app */;
			productType = "com.apple.product-type.application";
		};
/* End PBXNativeTarget section */

/* Begin PBXProject section */
		5984779A1C7FA8FE00FD6B90 /* Project object */ = {
			isa = PBXProject;
			attributes = {
				LastSwiftUpdateCheck = 0720;
				LastUpgradeCheck = 0720;
				ORGANIZATIONNAME = "Solstice Loaner";
				TargetAttributes = {
					598477A11C7FA8FE00FD6B90 = {
						CreatedOnToolsVersion = 7.2.1;
					};
				};
			};
			buildConfigurationList = 5984779D1C7FA8FE00FD6B90 /* Build configuration list for PBXProject "Homepwner" */;
			compatibilityVersion = "Xcode 3.2";
			developmentRegion = English;
			hasScannedForEncodings = 0;
			knownRegions = (
				en,
				Base,
			);
			mainGroup = 598477991C7FA8FE00FD6B90;
			productRefGroup = 598477A31C7FA8FE00FD6B90 /* Products */;
			projectDirPath = "";
			projectRoot = "";
			targets = (
				598477A11C7FA8FE00FD6B90 /* Homepwner */,
			);
		};
/* End PBXProject section */

/* Begin PBXResourcesBuildPhase section */
		598477A01C7FA8FE00FD6B90 /* Resources */ = {
			isa = PBXResourcesBuildPhase;
			buildActionMask = 2147483647;
			files = (
				598477B01C7FA8FE00FD6B90 /* LaunchScreen.storyboard in Resources */,
				598477BE1C80070B00FD6B90 /* Low-polygon-iphone-6-background.jpg in Resources */,
				598477AD1C7FA8FE00FD6B90 /* Assets.xcassets in Resources */,
				598477AB1C7FA8FE00FD6B90 /* Main.storyboard in Resources */,
			);
			runOnlyForDeploymentPostprocessing = 0;
		};
/* End PBXResourcesBuildPhase section */

/* Begin PBXSourcesBuildPhase section */
		5984779E1C7FA8FE00FD6B90 /* Sources */ = {
			isa = PBXSourcesBuildPhase;
			buildActionMask = 2147483647;
			files = (
				598477B81C7FA9DD00FD6B90 /* ItemsViewController.swift in Sources */,
				598477BA1C7FAF4A00FD6B90 /* Item.swift in Sources */,
				598477BC1C7FB47100FD6B90 /* ItemStore.swift in Sources */,
				598477C31C80EA2400FD6B90 /* DetailViewController.swift in Sources */,
				598477A61C7FA8FE00FD6B90 /* AppDelegate.swift in Sources */,
				598477C11C80A57100FD6B90 /* ItemCell.swift in Sources */,
			);
			runOnlyForDeploymentPostprocessing = 0;
		};
/* End PBXSourcesBuildPhase section */

/* Begin PBXVariantGroup section */
		598477A91C7FA8FE00FD6B90 /* Main.storyboard */ = {
			isa = PBXVariantGroup;
			children = (
				598477AA1C7FA8FE00FD6B90 /* Base */,
			);
			name = Main.storyboard;
			sourceTree = "<group>";
		};
		598477AE1C7FA8FE00FD6B90 /* LaunchScreen.storyboard */ = {
			isa = PBXVariantGroup;
			children = (
				598477AF1C7FA8FE00FD6B90 /* Base */,
			);
			name = LaunchScreen.storyboard;
			sourceTree = "<group>";
		};
/* End PBXVariantGroup section */

/* Begin XCBuildConfiguration section */
		598477B21C7FA8FE00FD6B90 /* Debug */ = {
			isa = XCBuildConfiguration;
			buildSettings = {
				ALWAYS_SEARCH_USER_PATHS = NO;
				CLANG_CXX_LANGUAGE_STANDARD = "gnu++0x";
				CLANG_CXX_LIBRARY = "libc++";
				CLANG_ENABLE_MODULES = YES;
				CLANG_ENABLE_OBJC_ARC = YES;
				CLANG_WARN_BOOL_CONVERSION = YES;
				CLANG_WARN_CONSTANT_CONVERSION = YES;
				CLANG_WARN_DIRECT_OBJC_ISA_USAGE = YES_ERROR;
				CLANG_WARN_EMPTY_BODY = YES;
				CLANG_WARN_ENUM_CONVERSION = YES;
				CLANG_WARN_INT_CONVERSION = YES;
				CLANG_WARN_OBJC_ROOT_CLASS = YES_ERROR;
				CLANG_WARN_UNREACHABLE_CODE = YES;
				CLANG_WARN__DUPLICATE_METHOD_MATCH = YES;
				"CODE_SIGN_IDENTITY[sdk=iphoneos*]" = "iPhone Developer";
				COPY_PHASE_STRIP = NO;
				DEBUG_INFORMATION_FORMAT = dwarf;
				ENABLE_STRICT_OBJC_MSGSEND = YES;
				ENABLE_TESTABILITY = YES;
				GCC_C_LANGUAGE_STANDARD = gnu99;
				GCC_DYNAMIC_NO_PIC = NO;
				GCC_NO_COMMON_BLOCKS = YES;
				GCC_OPTIMIZATION_LEVEL = 0;
				GCC_PREPROCESSOR_DEFINITIONS = (
					"DEBUG=1",
					"$(inherited)",
				);
				GCC_WARN_64_TO_32_BIT_CONVERSION = YES;
				GCC_WARN_ABOUT_RETURN_TYPE = YES_ERROR;
				GCC_WARN_UNDECLARED_SELECTOR = YES;
				GCC_WARN_UNINITIALIZED_AUTOS = YES_AGGRESSIVE;
				GCC_WARN_UNUSED_FUNCTION = YES;
				GCC_WARN_UNUSED_VARIABLE = YES;
				IPHONEOS_DEPLOYMENT_TARGET = 9.2;
				MTL_ENABLE_DEBUG_INFO = YES;
				ONLY_ACTIVE_ARCH = YES;
				SDKROOT = iphoneos;
				SWIFT_OPTIMIZATION_LEVEL = "-Onone";
			};
			name = Debug;
		};
		598477B31C7FA8FE00FD6B90 /* Release */ = {
			isa = XCBuildConfiguration;
			buildSettings = {
				ALWAYS_SEARCH_USER_PATHS = NO;
				CLANG_CXX_LANGUAGE_STANDARD = "gnu++0x";
				CLANG_CXX_LIBRARY = "libc++";
				CLANG_ENABLE_MODULES = YES;
				CLANG_ENABLE_OBJC_ARC = YES;
				CLANG_WARN_BOOL_CONVERSION = YES;
				CLANG_WARN_CONSTANT_CONVERSION = YES;
				CLANG_WARN_DIRECT_OBJC_ISA_USAGE = YES_ERROR;
				CLANG_WARN_EMPTY_BODY = YES;
				CLANG_WARN_ENUM_CONVERSION = YES;
				CLANG_WARN_INT_CONVERSION = YES;
				CLANG_WARN_OBJC_ROOT_CLASS = YES_ERROR;
				CLANG_WARN_UNREACHABLE_CODE = YES;
				CLANG_WARN__DUPLICATE_METHOD_MATCH = YES;
				"CODE_SIGN_IDENTITY[sdk=iphoneos*]" = "iPhone Developer";
				COPY_PHASE_STRIP = NO;
				DEBUG_INFORMATION_FORMAT = "dwarf-with-dsym";
				ENABLE_NS_ASSERTIONS = NO;
				ENABLE_STRICT_OBJC_MSGSEND = YES;
				GCC_C_LANGUAGE_STANDARD = gnu99;
				GCC_NO_COMMON_BLOCKS = YES;
				GCC_WARN_64_TO_32_BIT_CONVERSION = YES;
				GCC_WARN_ABOUT_RETURN_TYPE = YES_ERROR;
				GCC_WARN_UNDECLARED_SELECTOR = YES;
				GCC_WARN_UNINITIALIZED_AUTOS = YES_AGGRESSIVE;
				GCC_WARN_UNUSED_FUNCTION = YES;
				GCC_WARN_UNUSED_VARIABLE = YES;
				IPHONEOS_DEPLOYMENT_TARGET = 9.2;
				MTL_ENABLE_DEBUG_INFO = NO;
				SDKROOT = iphoneos;
				VALIDATE_PRODUCT = YES;
			};
			name = Release;
		};
		598477B51C7FA8FE00FD6B90 /* Debug */ = {
			isa = XCBuildConfiguration;
			buildSettings = {
				ASSETCATALOG_COMPILER_APPICON_NAME = AppIcon;
				INFOPLIST_FILE = Homepwner/Info.plist;
				LD_RUNPATH_SEARCH_PATHS = "$(inherited) @executable_path/Frameworks";
				PRODUCT_BUNDLE_IDENTIFIER = com.bignerdranch.Homepwner;
				PRODUCT_NAME = "$(TARGET_NAME)";
			};
			name = Debug;
		};
		598477B61C7FA8FE00FD6B90 /* Release */ = {
			isa = XCBuildConfiguration;
			buildSettings = {
				ASSETCATALOG_COMPILER_APPICON_NAME = AppIcon;
				INFOPLIST_FILE = Homepwner/Info.plist;
				LD_RUNPATH_SEARCH_PATHS = "$(inherited) @executable_path/Frameworks";
				PRODUCT_BUNDLE_IDENTIFIER = com.bignerdranch.Homepwner;
				PRODUCT_NAME = "$(TARGET_NAME)";
			};
			name = Release;
		};
/* End XCBuildConfiguration section */

/* Begin XCConfigurationList section */
		5984779D1C7FA8FE00FD6B90 /* Build configuration list for PBXProject "Homepwner" */ = {
			isa = XCConfigurationList;
			buildConfigurations = (
				598477B21C7FA8FE00FD6B90 /* Debug */,
				598477B31C7FA8FE00FD6B90 /* Release */,
			);
			defaultConfigurationIsVisible = 0;
			defaultConfigurationName = Release;
		};
		598477B41C7FA8FE00FD6B90 /* Build configuration list for PBXNativeTarget "Homepwner" */ = {
			isa = XCConfigurationList;
			buildConfigurations = (
				598477B51C7FA8FE00FD6B90 /* Debug */,
				598477B61C7FA8FE00FD6B90 /* Release */,
			);
			defaultConfigurationIsVisible = 0;
		};
/* End XCConfigurationList section */
	};
	rootObject = 5984779A1C7FA8FE00FD6B90 /* Project object */;
}
